// !$*UTF8*$!
{
	archiveVersion = 1;
	classes = {
	};
	objectVersion = 56;
	objects = {

/* Begin PBXBuildFile section */
		BA77894D2B3A1F9200698662 /* car_statusApp.swift in Sources */ = {isa = PBXBuildFile; fileRef = BA77894C2B3A1F9200698662 /* car_statusApp.swift */; };
		BA77894F2B3A1F9200698662 /* ContentView.swift in Sources */ = {isa = PBXBuildFile; fileRef = BA77894E2B3A1F9200698662 /* ContentView.swift */; };
		BA7789512B3A1F9300698662 /* Assets.xcassets in Resources */ = {isa = PBXBuildFile; fileRef = BA7789502B3A1F9300698662 /* Assets.xcassets */; };
		BA7789542B3A1F9300698662 /* Preview Assets.xcassets in Resources */ = {isa = PBXBuildFile; fileRef = BA7789532B3A1F9300698662 /* Preview Assets.xcassets */; };
		BA77895F2B3A1F9300698662 /* car_statusTests.swift in Sources */ = {isa = PBXBuildFile; fileRef = BA77895E2B3A1F9300698662 /* car_statusTests.swift */; };
		BA7789692B3A1F9400698662 /* car_statusUITests.swift in Sources */ = {isa = PBXBuildFile; fileRef = BA7789682B3A1F9400698662 /* car_statusUITests.swift */; };
		BA77896B2B3A1F9400698662 /* car_statusUITestsLaunchTests.swift in Sources */ = {isa = PBXBuildFile; fileRef = BA77896A2B3A1F9400698662 /* car_statusUITestsLaunchTests.swift */; };
/* End PBXBuildFile section */

/* Begin PBXContainerItemProxy section */
		BA77895B2B3A1F9300698662 /* PBXContainerItemProxy */ = {
			isa = PBXContainerItemProxy;
			containerPortal = BA7789412B3A1F9200698662 /* Project object */;
			proxyType = 1;
			remoteGlobalIDString = BA7789482B3A1F9200698662;
			remoteInfo = "car-status";
		};
		BA7789652B3A1F9300698662 /* PBXContainerItemProxy */ = {
			isa = PBXContainerItemProxy;
			containerPortal = BA7789412B3A1F9200698662 /* Project object */;
			proxyType = 1;
			remoteGlobalIDString = BA7789482B3A1F9200698662;
			remoteInfo = "car-status";
		};
/* End PBXContainerItemProxy section */

/* Begin PBXFileReference section */
		BA7789492B3A1F9200698662 /* car-status.app */ = {isa = PBXFileReference; explicitFileType = wrapper.application; includeInIndex = 0; path = "car-status.app"; sourceTree = BUILT_PRODUCTS_DIR; };
		BA77894C2B3A1F9200698662 /* car_statusApp.swift */ = {isa = PBXFileReference; lastKnownFileType = sourcecode.swift; path = car_statusApp.swift; sourceTree = "<group>"; };
		BA77894E2B3A1F9200698662 /* ContentView.swift */ = {isa = PBXFileReference; lastKnownFileType = sourcecode.swift; path = ContentView.swift; sourceTree = "<group>"; };
		BA7789502B3A1F9300698662 /* Assets.xcassets */ = {isa = PBXFileReference; lastKnownFileType = folder.assetcatalog; path = Assets.xcassets; sourceTree = "<group>"; };
		BA7789532B3A1F9300698662 /* Preview Assets.xcassets */ = {isa = PBXFileReference; lastKnownFileType = folder.assetcatalog; path = "Preview Assets.xcassets"; sourceTree = "<group>"; };
		BA7789552B3A1F9300698662 /* car_status.entitlements */ = {isa = PBXFileReference; lastKnownFileType = text.plist.entitlements; path = car_status.entitlements; sourceTree = "<group>"; };
		BA77895A2B3A1F9300698662 /* car-statusTests.xctest */ = {isa = PBXFileReference; explicitFileType = wrapper.cfbundle; includeInIndex = 0; path = "car-statusTests.xctest"; sourceTree = BUILT_PRODUCTS_DIR; };
		BA77895E2B3A1F9300698662 /* car_statusTests.swift */ = {isa = PBXFileReference; lastKnownFileType = sourcecode.swift; path = car_statusTests.swift; sourceTree = "<group>"; };
		BA7789642B3A1F9300698662 /* car-statusUITests.xctest */ = {isa = PBXFileReference; explicitFileType = wrapper.cfbundle; includeInIndex = 0; path = "car-statusUITests.xctest"; sourceTree = BUILT_PRODUCTS_DIR; };
		BA7789682B3A1F9400698662 /* car_statusUITests.swift */ = {isa = PBXFileReference; lastKnownFileType = sourcecode.swift; path = car_statusUITests.swift; sourceTree = "<group>"; };
		BA77896A2B3A1F9400698662 /* car_statusUITestsLaunchTests.swift */ = {isa = PBXFileReference; lastKnownFileType = sourcecode.swift; path = car_statusUITestsLaunchTests.swift; sourceTree = "<group>"; };
/* End PBXFileReference section */

/* Begin PBXFrameworksBuildPhase section */
		BA7789462B3A1F9200698662 /* Frameworks */ = {
			isa = PBXFrameworksBuildPhase;
			buildActionMask = 2147483647;
			files = (
			);
			runOnlyForDeploymentPostprocessing = 0;
		};
		BA7789572B3A1F9300698662 /* Frameworks */ = {
			isa = PBXFrameworksBuildPhase;
			buildActionMask = 2147483647;
			files = (
			);
			runOnlyForDeploymentPostprocessing = 0;
		};
		BA7789612B3A1F9300698662 /* Frameworks */ = {
			isa = PBXFrameworksBuildPhase;
			buildActionMask = 2147483647;
			files = (
			);
			runOnlyForDeploymentPostprocessing = 0;
		};
/* End PBXFrameworksBuildPhase section */

/* Begin PBXGroup section */
		BA7789402B3A1F9200698662 = {
			isa = PBXGroup;
			children = (
				BA77894B2B3A1F9200698662 /* car-status */,
				BA77895D2B3A1F9300698662 /* car-statusTests */,
				BA7789672B3A1F9400698662 /* car-statusUITests */,
				BA77894A2B3A1F9200698662 /* Products */,
			);
			sourceTree = "<group>";
		};
		BA77894A2B3A1F9200698662 /* Products */ = {
			isa = PBXGroup;
			children = (
				BA7789492B3A1F9200698662 /* car-status.app */,
				BA77895A2B3A1F9300698662 /* car-statusTests.xctest */,
				BA7789642B3A1F9300698662 /* car-statusUITests.xctest */,
			);
			name = Products;
			sourceTree = "<group>";
		};
		BA77894B2B3A1F9200698662 /* car-status */ = {
			isa = PBXGroup;
			children = (
				BA77894C2B3A1F9200698662 /* car_statusApp.swift */,
				BA77894E2B3A1F9200698662 /* ContentView.swift */,
				BA7789502B3A1F9300698662 /* Assets.xcassets */,
				BA7789552B3A1F9300698662 /* car_status.entitlements */,
				BA7789522B3A1F9300698662 /* Preview Content */,
			);
			path = "car-status";
			sourceTree = "<group>";
		};
		BA7789522B3A1F9300698662 /* Preview Content */ = {
			isa = PBXGroup;
			children = (
				BA7789532B3A1F9300698662 /* Preview Assets.xcassets */,
			);
			path = "Preview Content";
			sourceTree = "<group>";
		};
		BA77895D2B3A1F9300698662 /* car-statusTests */ = {
			isa = PBXGroup;
			children = (
				BA77895E2B3A1F9300698662 /* car_statusTests.swift */,
			);
			path = "car-statusTests";
			sourceTree = "<group>";
		};
		BA7789672B3A1F9400698662 /* car-statusUITests */ = {
			isa = PBXGroup;
			children = (
				BA7789682B3A1F9400698662 /* car_statusUITests.swift */,
				BA77896A2B3A1F9400698662 /* car_statusUITestsLaunchTests.swift */,
			);
			path = "car-statusUITests";
			sourceTree = "<group>";
		};
/* End PBXGroup section */

/* Begin PBXNativeTarget section */
		BA7789482B3A1F9200698662 /* car-status */ = {
			isa = PBXNativeTarget;
			buildConfigurationList = BA77896E2B3A1F9400698662 /* Build configuration list for PBXNativeTarget "car-status" */;
			buildPhases = (
				BA7789452B3A1F9200698662 /* Sources */,
				BA7789462B3A1F9200698662 /* Frameworks */,
				BA7789472B3A1F9200698662 /* Resources */,
			);
			buildRules = (
			);
			dependencies = (
			);
			name = "car-status";
			productName = "car-status";
			productReference = BA7789492B3A1F9200698662 /* car-status.app */;
			productType = "com.apple.product-type.application";
		};
		BA7789592B3A1F9300698662 /* car-statusTests */ = {
			isa = PBXNativeTarget;
			buildConfigurationList = BA7789712B3A1F9400698662 /* Build configuration list for PBXNativeTarget "car-statusTests" */;
			buildPhases = (
				BA7789562B3A1F9300698662 /* Sources */,
				BA7789572B3A1F9300698662 /* Frameworks */,
				BA7789582B3A1F9300698662 /* Resources */,
			);
			buildRules = (
			);
			dependencies = (
				BA77895C2B3A1F9300698662 /* PBXTargetDependency */,
			);
			name = "car-statusTests";
			productName = "car-statusTests";
			productReference = BA77895A2B3A1F9300698662 /* car-statusTests.xctest */;
			productType = "com.apple.product-type.bundle.unit-test";
		};
		BA7789632B3A1F9300698662 /* car-statusUITests */ = {
			isa = PBXNativeTarget;
			buildConfigurationList = BA7789742B3A1F9400698662 /* Build configuration list for PBXNativeTarget "car-statusUITests" */;
			buildPhases = (
				BA7789602B3A1F9300698662 /* Sources */,
				BA7789612B3A1F9300698662 /* Frameworks */,
				BA7789622B3A1F9300698662 /* Resources */,
			);
			buildRules = (
			);
			dependencies = (
				BA7789662B3A1F9300698662 /* PBXTargetDependency */,
			);
			name = "car-statusUITests";
			productName = "car-statusUITests";
			productReference = BA7789642B3A1F9300698662 /* car-statusUITests.xctest */;
			productType = "com.apple.product-type.bundle.ui-testing";
		};
/* End PBXNativeTarget section */

/* Begin PBXProject section */
		BA7789412B3A1F9200698662 /* Project object */ = {
			isa = PBXProject;
			attributes = {
				BuildIndependentTargetsInParallel = 1;
				LastSwiftUpdateCheck = 1510;
				LastUpgradeCheck = 1510;
				TargetAttributes = {
					BA7789482B3A1F9200698662 = {
						CreatedOnToolsVersion = 15.1;
					};
					BA7789592B3A1F9300698662 = {
						CreatedOnToolsVersion = 15.1;
						TestTargetID = BA7789482B3A1F9200698662;
					};
					BA7789632B3A1F9300698662 = {
						CreatedOnToolsVersion = 15.1;
						TestTargetID = BA7789482B3A1F9200698662;
					};
				};
			};
			buildConfigurationList = BA7789442B3A1F9200698662 /* Build configuration list for PBXProject "car-status" */;
			compatibilityVersion = "Xcode 14.0";
			developmentRegion = en;
			hasScannedForEncodings = 0;
			knownRegions = (
				en,
				Base,
			);
			mainGroup = BA7789402B3A1F9200698662;
			productRefGroup = BA77894A2B3A1F9200698662 /* Products */;
			projectDirPath = "";
			projectRoot = "";
			targets = (
				BA7789482B3A1F9200698662 /* car-status */,
				BA7789592B3A1F9300698662 /* car-statusTests */,
				BA7789632B3A1F9300698662 /* car-statusUITests */,
			);
		};
/* End PBXProject section */

/* Begin PBXResourcesBuildPhase section */
		BA7789472B3A1F9200698662 /* Resources */ = {
			isa = PBXResourcesBuildPhase;
			buildActionMask = 2147483647;
			files = (
				BA7789542B3A1F9300698662 /* Preview Assets.xcassets in Resources */,
				BA7789512B3A1F9300698662 /* Assets.xcassets in Resources */,
			);
			runOnlyForDeploymentPostprocessing = 0;
		};
		BA7789582B3A1F9300698662 /* Resources */ = {
			isa = PBXResourcesBuildPhase;
			buildActionMask = 2147483647;
			files = (
			);
			runOnlyForDeploymentPostprocessing = 0;
		};
		BA7789622B3A1F9300698662 /* Resources */ = {
			isa = PBXResourcesBuildPhase;
			buildActionMask = 2147483647;
			files = (
			);
			runOnlyForDeploymentPostprocessing = 0;
		};
/* End PBXResourcesBuildPhase section */

/* Begin PBXSourcesBuildPhase section */
		BA7789452B3A1F9200698662 /* Sources */ = {
			isa = PBXSourcesBuildPhase;
			buildActionMask = 2147483647;
			files = (
				BA77894F2B3A1F9200698662 /* ContentView.swift in Sources */,
				BA77894D2B3A1F9200698662 /* car_statusApp.swift in Sources */,
			);
			runOnlyForDeploymentPostprocessing = 0;
		};
		BA7789562B3A1F9300698662 /* Sources */ = {
			isa = PBXSourcesBuildPhase;
			buildActionMask = 2147483647;
			files = (
				BA77895F2B3A1F9300698662 /* car_statusTests.swift in Sources */,
			);
			runOnlyForDeploymentPostprocessing = 0;
		};
		BA7789602B3A1F9300698662 /* Sources */ = {
			isa = PBXSourcesBuildPhase;
			buildActionMask = 2147483647;
			files = (
				BA7789692B3A1F9400698662 /* car_statusUITests.swift in Sources */,
				BA77896B2B3A1F9400698662 /* car_statusUITestsLaunchTests.swift in Sources */,
			);
			runOnlyForDeploymentPostprocessing = 0;
		};
/* End PBXSourcesBuildPhase section */

/* Begin PBXTargetDependency section */
		BA77895C2B3A1F9300698662 /* PBXTargetDependency */ = {
			isa = PBXTargetDependency;
			target = BA7789482B3A1F9200698662 /* car-status */;
			targetProxy = BA77895B2B3A1F9300698662 /* PBXContainerItemProxy */;
		};
		BA7789662B3A1F9300698662 /* PBXTargetDependency */ = {
			isa = PBXTargetDependency;
			target = BA7789482B3A1F9200698662 /* car-status */;
			targetProxy = BA7789652B3A1F9300698662 /* PBXContainerItemProxy */;
		};
/* End PBXTargetDependency section */

/* Begin XCBuildConfiguration section */
		BA77896C2B3A1F9400698662 /* Debug */ = {
			isa = XCBuildConfiguration;
			buildSettings = {
				ALWAYS_SEARCH_USER_PATHS = NO;
				ASSETCATALOG_COMPILER_GENERATE_SWIFT_ASSET_SYMBOL_EXTENSIONS = YES;
				CLANG_ANALYZER_NONNULL = YES;
				CLANG_ANALYZER_NUMBER_OBJECT_CONVERSION = YES_AGGRESSIVE;
				CLANG_CXX_LANGUAGE_STANDARD = "gnu++20";
				CLANG_ENABLE_MODULES = YES;
				CLANG_ENABLE_OBJC_ARC = YES;
				CLANG_ENABLE_OBJC_WEAK = YES;
				CLANG_WARN_BLOCK_CAPTURE_AUTORELEASING = YES;
				CLANG_WARN_BOOL_CONVERSION = YES;
				CLANG_WARN_COMMA = YES;
				CLANG_WARN_CONSTANT_CONVERSION = YES;
				CLANG_WARN_DEPRECATED_OBJC_IMPLEMENTATIONS = YES;
				CLANG_WARN_DIRECT_OBJC_ISA_USAGE = YES_ERROR;
				CLANG_WARN_DOCUMENTATION_COMMENTS = YES;
				CLANG_WARN_EMPTY_BODY = YES;
				CLANG_WARN_ENUM_CONVERSION = YES;
				CLANG_WARN_INFINITE_RECURSION = YES;
				CLANG_WARN_INT_CONVERSION = YES;
				CLANG_WARN_NON_LITERAL_NULL_CONVERSION = YES;
				CLANG_WARN_OBJC_IMPLICIT_RETAIN_SELF = YES;
				CLANG_WARN_OBJC_LITERAL_CONVERSION = YES;
				CLANG_WARN_OBJC_ROOT_CLASS = YES_ERROR;
				CLANG_WARN_QUOTED_INCLUDE_IN_FRAMEWORK_HEADER = YES;
				CLANG_WARN_RANGE_LOOP_ANALYSIS = YES;
				CLANG_WARN_STRICT_PROTOTYPES = YES;
				CLANG_WARN_SUSPICIOUS_MOVE = YES;
				CLANG_WARN_UNGUARDED_AVAILABILITY = YES_AGGRESSIVE;
				CLANG_WARN_UNREACHABLE_CODE = YES;
				CLANG_WARN__DUPLICATE_METHOD_MATCH = YES;
				COPY_PHASE_STRIP = NO;
				DEBUG_INFORMATION_FORMAT = dwarf;
				ENABLE_STRICT_OBJC_MSGSEND = YES;
				ENABLE_TESTABILITY = YES;
				ENABLE_USER_SCRIPT_SANDBOXING = YES;
				GCC_C_LANGUAGE_STANDARD = gnu17;
				GCC_DYNAMIC_NO_PIC = NO;
				GCC_NO_COMMON_BLOCKS = YES;
				GCC_OPTIMIZATION_LEVEL = 0;
				GCC_PREPROCESSOR_DEFINITIONS = (
					"DEBUG=1",
					"$(inherited)",
				);
				GCC_WARN_64_TO_32_BIT_CONVERSION = YES;
				GCC_WARN_ABOUT_RETURN_TYPE = YES_ERROR;
				GCC_WARN_UNDECLARED_SELECTOR = YES;
				GCC_WARN_UNINITIALIZED_AUTOS = YES_AGGRESSIVE;
				GCC_WARN_UNUSED_FUNCTION = YES;
				GCC_WARN_UNUSED_VARIABLE = YES;
				LOCALIZATION_PREFERS_STRING_CATALOGS = YES;
				MACOSX_DEPLOYMENT_TARGET = 14.2;
				MTL_ENABLE_DEBUG_INFO = INCLUDE_SOURCE;
				MTL_FAST_MATH = YES;
				ONLY_ACTIVE_ARCH = YES;
				SDKROOT = macosx;
				SWIFT_ACTIVE_COMPILATION_CONDITIONS = "DEBUG $(inherited)";
				SWIFT_OPTIMIZATION_LEVEL = "-Onone";
			};
			name = Debug;
		};
		BA77896D2B3A1F9400698662 /* Release */ = {
			isa = XCBuildConfiguration;
			buildSettings = {
				ALWAYS_SEARCH_USER_PATHS = NO;
				ASSETCATALOG_COMPILER_GENERATE_SWIFT_ASSET_SYMBOL_EXTENSIONS = YES;
				CLANG_ANALYZER_NONNULL = YES;
				CLANG_ANALYZER_NUMBER_OBJECT_CONVERSION = YES_AGGRESSIVE;
				CLANG_CXX_LANGUAGE_STANDARD = "gnu++20";
				CLANG_ENABLE_MODULES = YES;
				CLANG_ENABLE_OBJC_ARC = YES;
				CLANG_ENABLE_OBJC_WEAK = YES;
				CLANG_WARN_BLOCK_CAPTURE_AUTORELEASING = YES;
				CLANG_WARN_BOOL_CONVERSION = YES;
				CLANG_WARN_COMMA = YES;
				CLANG_WARN_CONSTANT_CONVERSION = YES;
				CLANG_WARN_DEPRECATED_OBJC_IMPLEMENTATIONS = YES;
				CLANG_WARN_DIRECT_OBJC_ISA_USAGE = YES_ERROR;
				CLANG_WARN_DOCUMENTATION_COMMENTS = YES;
				CLANG_WARN_EMPTY_BODY = YES;
				CLANG_WARN_ENUM_CONVERSION = YES;
				CLANG_WARN_INFINITE_RECURSION = YES;
				CLANG_WARN_INT_CONVERSION = YES;
				CLANG_WARN_NON_LITERAL_NULL_CONVERSION = YES;
				CLANG_WARN_OBJC_IMPLICIT_RETAIN_SELF = YES;
				CLANG_WARN_OBJC_LITERAL_CONVERSION = YES;
				CLANG_WARN_OBJC_ROOT_CLASS = YES_ERROR;
				CLANG_WARN_QUOTED_INCLUDE_IN_FRAMEWORK_HEADER = YES;
				CLANG_WARN_RANGE_LOOP_ANALYSIS = YES;
				CLANG_WARN_STRICT_PROTOTYPES = YES;
				CLANG_WARN_SUSPICIOUS_MOVE = YES;
				CLANG_WARN_UNGUARDED_AVAILABILITY = YES_AGGRESSIVE;
				CLANG_WARN_UNREACHABLE_CODE = YES;
				CLANG_WARN__DUPLICATE_METHOD_MATCH = YES;
				COPY_PHASE_STRIP = NO;
				DEBUG_INFORMATION_FORMAT = "dwarf-with-dsym";
				ENABLE_NS_ASSERTIONS = NO;
				ENABLE_STRICT_OBJC_MSGSEND = YES;
				ENABLE_USER_SCRIPT_SANDBOXING = YES;
				GCC_C_LANGUAGE_STANDARD = gnu17;
				GCC_NO_COMMON_BLOCKS = YES;
				GCC_WARN_64_TO_32_BIT_CONVERSION = YES;
				GCC_WARN_ABOUT_RETURN_TYPE = YES_ERROR;
				GCC_WARN_UNDECLARED_SELECTOR = YES;
				GCC_WARN_UNINITIALIZED_AUTOS = YES_AGGRESSIVE;
				GCC_WARN_UNUSED_FUNCTION = YES;
				GCC_WARN_UNUSED_VARIABLE = YES;
				LOCALIZATION_PREFERS_STRING_CATALOGS = YES;
				MACOSX_DEPLOYMENT_TARGET = 14.2;
				MTL_ENABLE_DEBUG_INFO = NO;
				MTL_FAST_MATH = YES;
				SDKROOT = macosx;
				SWIFT_COMPILATION_MODE = wholemodule;
			};
			name = Release;
		};
		BA77896F2B3A1F9400698662 /* Debug */ = {
			isa = XCBuildConfiguration;
			buildSettings = {
				ASSETCATALOG_COMPILER_APPICON_NAME = AppIcon;
				ASSETCATALOG_COMPILER_GLOBAL_ACCENT_COLOR_NAME = AccentColor;
				CODE_SIGN_ENTITLEMENTS = "car-status/car_status.entitlements";
				CODE_SIGN_STYLE = Automatic;
				COMBINE_HIDPI_IMAGES = YES;
				CURRENT_PROJECT_VERSION = 1;
				DEVELOPMENT_ASSET_PATHS = "\"car-status/Preview Content\"";
				ENABLE_PREVIEWS = YES;
				GENERATE_INFOPLIST_FILE = YES;
				INFOPLIST_KEY_NSHumanReadableCopyright = "";
				LD_RUNPATH_SEARCH_PATHS = (
					"$(inherited)",
					"@executable_path/../Frameworks",
				);
				MARKETING_VERSION = 1.0;
				PRODUCT_BUNDLE_IDENTIFIER = "berenger.car-status";
				PRODUCT_NAME = "$(TARGET_NAME)";
				SWIFT_EMIT_LOC_STRINGS = YES;
				SWIFT_VERSION = 5.0;
			};
			name = Debug;
		};
		BA7789702B3A1F9400698662 /* Release */ = {
			isa = XCBuildConfiguration;
			buildSettings = {
				ASSETCATALOG_COMPILER_APPICON_NAME = AppIcon;
				ASSETCATALOG_COMPILER_GLOBAL_ACCENT_COLOR_NAME = AccentColor;
				CODE_SIGN_ENTITLEMENTS = "car-status/car_status.entitlements";
				CODE_SIGN_STYLE = Automatic;
				COMBINE_HIDPI_IMAGES = YES;
				CURRENT_PROJECT_VERSION = 1;
				DEVELOPMENT_ASSET_PATHS = "\"car-status/Preview Content\"";
				ENABLE_PREVIEWS = YES;
				GENERATE_INFOPLIST_FILE = YES;
				INFOPLIST_KEY_NSHumanReadableCopyright = "";
				LD_RUNPATH_SEARCH_PATHS = (
					"$(inherited)",
					"@executable_path/../Frameworks",
				);
				MARKETING_VERSION = 1.0;
				PRODUCT_BUNDLE_IDENTIFIER = "berenger.car-status";
				PRODUCT_NAME = "$(TARGET_NAME)";
				SWIFT_EMIT_LOC_STRINGS = YES;
				SWIFT_VERSION = 5.0;
			};
			name = Release;
		};
		BA7789722B3A1F9400698662 /* Debug */ = {
			isa = XCBuildConfiguration;
			buildSettings = {
				ALWAYS_EMBED_SWIFT_STANDARD_LIBRARIES = YES;
				BUNDLE_LOADER = "$(TEST_HOST)";
				CODE_SIGN_STYLE = Automatic;
				CURRENT_PROJECT_VERSION = 1;
				GENERATE_INFOPLIST_FILE = YES;
				MACOSX_DEPLOYMENT_TARGET = 14.2;
				MARKETING_VERSION = 1.0;
				PRODUCT_BUNDLE_IDENTIFIER = "berenger.car-statusTests";
				PRODUCT_NAME = "$(TARGET_NAME)";
				SWIFT_EMIT_LOC_STRINGS = NO;
				SWIFT_VERSION = 5.0;
				TEST_HOST = "$(BUILT_PRODUCTS_DIR)/car-status.app/$(BUNDLE_EXECUTABLE_FOLDER_PATH)/car-status";
			};
			name = Debug;
		};
		BA7789732B3A1F9400698662 /* Release */ = {
			isa = XCBuildConfiguration;
			buildSettings = {
				ALWAYS_EMBED_SWIFT_STANDARD_LIBRARIES = YES;
				BUNDLE_LOADER = "$(TEST_HOST)";
				CODE_SIGN_STYLE = Automatic;
				CURRENT_PROJECT_VERSION = 1;
				GENERATE_INFOPLIST_FILE = YES;
				MACOSX_DEPLOYMENT_TARGET = 14.2;
				MARKETING_VERSION = 1.0;
				PRODUCT_BUNDLE_IDENTIFIER = "berenger.car-statusTests";
				PRODUCT_NAME = "$(TARGET_NAME)";
				SWIFT_EMIT_LOC_STRINGS = NO;
				SWIFT_VERSION = 5.0;
				TEST_HOST = "$(BUILT_PRODUCTS_DIR)/car-status.app/$(BUNDLE_EXECUTABLE_FOLDER_PATH)/car-status";
			};
			name = Release;
		};
		BA7789752B3A1F9400698662 /* Debug */ = {
			isa = XCBuildConfiguration;
			buildSettings = {
				ALWAYS_EMBED_SWIFT_STANDARD_LIBRARIES = YES;
				CODE_SIGN_STYLE = Automatic;
				CURRENT_PROJECT_VERSION = 1;
				GENERATE_INFOPLIST_FILE = YES;
				MARKETING_VERSION = 1.0;
				PRODUCT_BUNDLE_IDENTIFIER = "berenger.car-statusUITests";
				PRODUCT_NAME = "$(TARGET_NAME)";
				SWIFT_EMIT_LOC_STRINGS = NO;
				SWIFT_VERSION = 5.0;
				TEST_TARGET_NAME = "car-status";
			};
			name = Debug;
		};
		BA7789762B3A1F9400698662 /* Release */ = {
			isa = XCBuildConfiguration;
			buildSettings = {
				ALWAYS_EMBED_SWIFT_STANDARD_LIBRARIES = YES;
				CODE_SIGN_STYLE = Automatic;
				CURRENT_PROJECT_VERSION = 1;
				GENERATE_INFOPLIST_FILE = YES;
				MARKETING_VERSION = 1.0;
				PRODUCT_BUNDLE_IDENTIFIER = "berenger.car-statusUITests";
				PRODUCT_NAME = "$(TARGET_NAME)";
				SWIFT_EMIT_LOC_STRINGS = NO;
				SWIFT_VERSION = 5.0;
				TEST_TARGET_NAME = "car-status";
			};
			name = Release;
		};
/* End XCBuildConfiguration section */

/* Begin XCConfigurationList section */
		BA7789442B3A1F9200698662 /* Build configuration list for PBXProject "car-status" */ = {
			isa = XCConfigurationList;
			buildConfigurations = (
				BA77896C2B3A1F9400698662 /* Debug */,
				BA77896D2B3A1F9400698662 /* Release */,
			);
			defaultConfigurationIsVisible = 0;
			defaultConfigurationName = Release;
		};
		BA77896E2B3A1F9400698662 /* Build configuration list for PBXNativeTarget "car-status" */ = {
			isa = XCConfigurationList;
			buildConfigurations = (
				BA77896F2B3A1F9400698662 /* Debug */,
				BA7789702B3A1F9400698662 /* Release */,
			);
			defaultConfigurationIsVisible = 0;
			defaultConfigurationName = Release;
		};
		BA7789712B3A1F9400698662 /* Build configuration list for PBXNativeTarget "car-statusTests" */ = {
			isa = XCConfigurationList;
			buildConfigurations = (
				BA7789722B3A1F9400698662 /* Debug */,
				BA7789732B3A1F9400698662 /* Release */,
			);
			defaultConfigurationIsVisible = 0;
			defaultConfigurationName = Release;
		};
		BA7789742B3A1F9400698662 /* Build configuration list for PBXNativeTarget "car-statusUITests" */ = {
			isa = XCConfigurationList;
			buildConfigurations = (
				BA7789752B3A1F9400698662 /* Debug */,
				BA7789762B3A1F9400698662 /* Release */,
			);
			defaultConfigurationIsVisible = 0;
			defaultConfigurationName = Release;
		};
/* End XCConfigurationList section */
	};
	rootObject = BA7789412B3A1F9200698662 /* Project object */;
}
